
Microsoft Visual Studio Solution File, Format Version 12.00
# Visual Studio Version 17
VisualStudioVersion = 17.7.34003.232
MinimumVisualStudioVersion = 10.0.40219.1
Project("{9A19103F-16F7-4668-BE54-9A1E7A4F7556}") = "DataAccess", "DataAccess\DataAccess.csproj", "{4F87E848-C3C4-4792-A3D0-725767320CFC}"
EndProject
Project("{9A19103F-16F7-4668-BE54-9A1E7A4F7556}") = "Business", "Business\Business.csproj", "{0837362D-82AA-4AE9-989C-E30C718E552A}"
EndProject
Project("{9A19103F-16F7-4668-BE54-9A1E7A4F7556}") = "Entity", "Entity\Entity.csproj", "{58E53718-EC5A-4043-AA3F-EE71BB368F14}"
EndProject
Project("{9A19103F-16F7-4668-BE54-9A1E7A4F7556}") = "ConsoleLayer", "ConsoleLayer\ConsoleLayer.csproj", "{6B4D0BAE-C969-4B40-9FDC-D7418B3AF3C7}"
EndProject
Project("{FAE04EC0-301F-11D3-BF4B-00C04F79EFBC}") = "Core", "Core\Core.csproj", "{82AEB8B4-B088-49E9-B8B9-DA8DFEB6553B}"
EndProject
Global
	GlobalSection(SolutionConfigurationPlatforms) = preSolution
		Debug|Any CPU = Debug|Any CPU
		Release|Any CPU = Release|Any CPU
	EndGlobalSection
	GlobalSection(ProjectConfigurationPlatforms) = postSolution
		{4F87E848-C3C4-4792-A3D0-725767320CFC}.Debug|Any CPU.ActiveCfg = Debug|Any CPU
		{4F87E848-C3C4-4792-A3D0-725767320CFC}.Debug|Any CPU.Build.0 = Debug|Any CPU
		{4F87E848-C3C4-4792-A3D0-725767320CFC}.Release|Any CPU.ActiveCfg = Release|Any CPU
		{4F87E848-C3C4-4792-A3D0-725767320CFC}.Release|Any CPU.Build.0 = Release|Any CPU
		{0837362D-82AA-4AE9-989C-E30C718E552A}.Debug|Any CPU.ActiveCfg = Debug|Any CPU
		{0837362D-82AA-4AE9-989C-E30C718E552A}.Debug|Any CPU.Build.0 = Debug|Any CPU
		{0837362D-82AA-4AE9-989C-E30C718E552A}.Release|Any CPU.ActiveCfg = Release|Any CPU
		{0837362D-82AA-4AE9-989C-E30C718E552A}.Release|Any CPU.Build.0 = Release|Any CPU
		{58E53718-EC5A-4043-AA3F-EE71BB368F14}.Debug|Any CPU.ActiveCfg = Debug|Any CPU
		{58E53718-EC5A-4043-AA3F-EE71BB368F14}.Debug|Any CPU.Build.0 = Debug|Any CPU
		{58E53718-EC5A-4043-AA3F-EE71BB368F14}.Release|Any CPU.ActiveCfg = Release|Any CPU
		{58E53718-EC5A-4043-AA3F-EE71BB368F14}.Release|Any CPU.Build.0 = Release|Any CPU
		{6B4D0BAE-C969-4B40-9FDC-D7418B3AF3C7}.Debug|Any CPU.ActiveCfg = Debug|Any CPU
		{6B4D0BAE-C969-4B40-9FDC-D7418B3AF3C7}.Debug|Any CPU.Build.0 = Debug|Any CPU
		{6B4D0BAE-C969-4B40-9FDC-D7418B3AF3C7}.Release|Any CPU.ActiveCfg = Release|Any CPU
		{6B4D0BAE-C969-4B40-9FDC-D7418B3AF3C7}.Release|Any CPU.Build.0 = Release|Any CPU
		{82AEB8B4-B088-49E9-B8B9-DA8DFEB6553B}.Debug|Any CPU.ActiveCfg = Debug|Any CPU
		{82AEB8B4-B088-49E9-B8B9-DA8DFEB6553B}.Debug|Any CPU.Build.0 = Debug|Any CPU
		{82AEB8B4-B088-49E9-B8B9-DA8DFEB6553B}.Release|Any CPU.ActiveCfg = Release|Any CPU
		{82AEB8B4-B088-49E9-B8B9-DA8DFEB6553B}.Release|Any CPU.Build.0 = Release|Any CPU
	EndGlobalSection
	GlobalSection(SolutionProperties) = preSolution
		HideSolutionNode = FALSE
	EndGlobalSection
	GlobalSection(ExtensibilityGlobals) = postSolution
		SolutionGuid = {84938A6A-7384-4429-AE0D-25D3C5066D69}
	EndGlobalSection
EndGlobal
